// !$*UTF8*$!
{
	archiveVersion = 1;
	classes = {
	};
	objectVersion = 50;
	objects = {

/* Begin PBXBuildFile section */
		E18D8F6A22C18F61003663D3 /* AppDelegate.swift in Sources */ = {isa = PBXBuildFile; fileRef = E18D8F6922C18F61003663D3 /* AppDelegate.swift */; };
		E18D8F6C22C18F61003663D3 /* ViewController.swift in Sources */ = {isa = PBXBuildFile; fileRef = E18D8F6B22C18F61003663D3 /* ViewController.swift */; };
		E18D8F6F22C18F61003663D3 /* Main.storyboard in Resources */ = {isa = PBXBuildFile; fileRef = E18D8F6D22C18F61003663D3 /* Main.storyboard */; };
		E18D8F7222C18F61003663D3 /* Xcode_Github_Test.xcdatamodeld in Sources */ = {isa = PBXBuildFile; fileRef = E18D8F7022C18F61003663D3 /* Xcode_Github_Test.xcdatamodeld */; };
		E18D8F7422C18F63003663D3 /* Assets.xcassets in Resources */ = {isa = PBXBuildFile; fileRef = E18D8F7322C18F63003663D3 /* Assets.xcassets */; };
		E18D8F7722C18F63003663D3 /* LaunchScreen.storyboard in Resources */ = {isa = PBXBuildFile; fileRef = E18D8F7522C18F63003663D3 /* LaunchScreen.storyboard */; };
		E18D8F8222C18F63003663D3 /* Xcode_Github_TestTests.swift in Sources */ = {isa = PBXBuildFile; fileRef = E18D8F8122C18F63003663D3 /* Xcode_Github_TestTests.swift */; };
		E18D8F8D22C18F63003663D3 /* Xcode_Github_TestUITests.swift in Sources */ = {isa = PBXBuildFile; fileRef = E18D8F8C22C18F63003663D3 /* Xcode_Github_TestUITests.swift */; };
/* End PBXBuildFile section */

/* Begin PBXContainerItemProxy section */
		E18D8F7E22C18F63003663D3 /* PBXContainerItemProxy */ = {
			isa = PBXContainerItemProxy;
			containerPortal = E18D8F5E22C18F61003663D3 /* Project object */;
			proxyType = 1;
			remoteGlobalIDString = E18D8F6522C18F61003663D3;
			remoteInfo = "Xcode Github Test";
		};
		E18D8F8922C18F63003663D3 /* PBXContainerItemProxy */ = {
			isa = PBXContainerItemProxy;
			containerPortal = E18D8F5E22C18F61003663D3 /* Project object */;
			proxyType = 1;
			remoteGlobalIDString = E18D8F6522C18F61003663D3;
			remoteInfo = "Xcode Github Test";
		};
/* End PBXContainerItemProxy section */

/* Begin PBXFileReference section */
		E18D8F6622C18F61003663D3 /* Xcode Github Test.app */ = {isa = PBXFileReference; explicitFileType = wrapper.application; includeInIndex = 0; path = "Xcode Github Test.app"; sourceTree = BUILT_PRODUCTS_DIR; };
		E18D8F6922C18F61003663D3 /* AppDelegate.swift */ = {isa = PBXFileReference; lastKnownFileType = sourcecode.swift; path = AppDelegate.swift; sourceTree = "<group>"; };
		E18D8F6B22C18F61003663D3 /* ViewController.swift */ = {isa = PBXFileReference; lastKnownFileType = sourcecode.swift; path = ViewController.swift; sourceTree = "<group>"; };
		E18D8F6E22C18F61003663D3 /* Base */ = {isa = PBXFileReference; lastKnownFileType = file.storyboard; name = Base; path = Base.lproj/Main.storyboard; sourceTree = "<group>"; };
		E18D8F7122C18F61003663D3 /* Xcode_Github_Test.xcdatamodel */ = {isa = PBXFileReference; lastKnownFileType = wrapper.xcdatamodel; path = Xcode_Github_Test.xcdatamodel; sourceTree = "<group>"; };
		E18D8F7322C18F63003663D3 /* Assets.xcassets */ = {isa = PBXFileReference; lastKnownFileType = folder.assetcatalog; path = Assets.xcassets; sourceTree = "<group>"; };
		E18D8F7622C18F63003663D3 /* Base */ = {isa = PBXFileReference; lastKnownFileType = file.storyboard; name = Base; path = Base.lproj/LaunchScreen.storyboard; sourceTree = "<group>"; };
		E18D8F7822C18F63003663D3 /* Info.plist */ = {isa = PBXFileReference; lastKnownFileType = text.plist.xml; path = Info.plist; sourceTree = "<group>"; };
		E18D8F7D22C18F63003663D3 /* Xcode Github TestTests.xctest */ = {isa = PBXFileReference; explicitFileType = wrapper.cfbundle; includeInIndex = 0; path = "Xcode Github TestTests.xctest"; sourceTree = BUILT_PRODUCTS_DIR; };
		E18D8F8122C18F63003663D3 /* Xcode_Github_TestTests.swift */ = {isa = PBXFileReference; lastKnownFileType = sourcecode.swift; path = Xcode_Github_TestTests.swift; sourceTree = "<group>"; };
		E18D8F8322C18F63003663D3 /* Info.plist */ = {isa = PBXFileReference; lastKnownFileType = text.plist.xml; path = Info.plist; sourceTree = "<group>"; };
		E18D8F8822C18F63003663D3 /* Xcode Github TestUITests.xctest */ = {isa = PBXFileReference; explicitFileType = wrapper.cfbundle; includeInIndex = 0; path = "Xcode Github TestUITests.xctest"; sourceTree = BUILT_PRODUCTS_DIR; };
		E18D8F8C22C18F63003663D3 /* Xcode_Github_TestUITests.swift */ = {isa = PBXFileReference; lastKnownFileType = sourcecode.swift; path = Xcode_Github_TestUITests.swift; sourceTree = "<group>"; };
		E18D8F8E22C18F63003663D3 /* Info.plist */ = {isa = PBXFileReference; lastKnownFileType = text.plist.xml; path = Info.plist; sourceTree = "<group>"; };
/* End PBXFileReference section */

/* Begin PBXFrameworksBuildPhase section */
		E18D8F6322C18F61003663D3 /* Frameworks */ = {
			isa = PBXFrameworksBuildPhase;
			buildActionMask = 2147483647;
			files = (
			);
			runOnlyForDeploymentPostprocessing = 0;
		};
		E18D8F7A22C18F63003663D3 /* Frameworks */ = {
			isa = PBXFrameworksBuildPhase;
			buildActionMask = 2147483647;
			files = (
			);
			runOnlyForDeploymentPostprocessing = 0;
		};
		E18D8F8522C18F63003663D3 /* Frameworks */ = {
			isa = PBXFrameworksBuildPhase;
			buildActionMask = 2147483647;
			files = (
			);
			runOnlyForDeploymentPostprocessing = 0;
		};
/* End PBXFrameworksBuildPhase section */

/* Begin PBXGroup section */
		E18D8F5D22C18F61003663D3 = {
			isa = PBXGroup;
			children = (
				E18D8F6822C18F61003663D3 /* Xcode Github Test */,
				E18D8F8022C18F63003663D3 /* Xcode Github TestTests */,
				E18D8F8B22C18F63003663D3 /* Xcode Github TestUITests */,
				E18D8F6722C18F61003663D3 /* Products */,
			);
			sourceTree = "<group>";
		};
		E18D8F6722C18F61003663D3 /* Products */ = {
			isa = PBXGroup;
			children = (
				E18D8F6622C18F61003663D3 /* Xcode Github Test.app */,
				E18D8F7D22C18F63003663D3 /* Xcode Github TestTests.xctest */,
				E18D8F8822C18F63003663D3 /* Xcode Github TestUITests.xctest */,
			);
			name = Products;
			sourceTree = "<group>";
		};
		E18D8F6822C18F61003663D3 /* Xcode Github Test */ = {
			isa = PBXGroup;
			children = (
				E18D8F6922C18F61003663D3 /* AppDelegate.swift */,
				E18D8F6B22C18F61003663D3 /* ViewController.swift */,
				E18D8F6D22C18F61003663D3 /* Main.storyboard */,
				E18D8F7322C18F63003663D3 /* Assets.xcassets */,
				E18D8F7522C18F63003663D3 /* LaunchScreen.storyboard */,
				E18D8F7822C18F63003663D3 /* Info.plist */,
				E18D8F7022C18F61003663D3 /* Xcode_Github_Test.xcdatamodeld */,
			);
			path = "Xcode Github Test";
			sourceTree = "<group>";
		};
		E18D8F8022C18F63003663D3 /* Xcode Github TestTests */ = {
			isa = PBXGroup;
			children = (
				E18D8F8122C18F63003663D3 /* Xcode_Github_TestTests.swift */,
				E18D8F8322C18F63003663D3 /* Info.plist */,
			);
			path = "Xcode Github TestTests";
			sourceTree = "<group>";
		};
		E18D8F8B22C18F63003663D3 /* Xcode Github TestUITests */ = {
			isa = PBXGroup;
			children = (
				E18D8F8C22C18F63003663D3 /* Xcode_Github_TestUITests.swift */,
				E18D8F8E22C18F63003663D3 /* Info.plist */,
			);
			path = "Xcode Github TestUITests";
			sourceTree = "<group>";
		};
/* End PBXGroup section */

/* Begin PBXNativeTarget section */
		E18D8F6522C18F61003663D3 /* Xcode Github Test */ = {
			isa = PBXNativeTarget;
			buildConfigurationList = E18D8F9122C18F63003663D3 /* Build configuration list for PBXNativeTarget "Xcode Github Test" */;
			buildPhases = (
				E18D8F6222C18F61003663D3 /* Sources */,
				E18D8F6322C18F61003663D3 /* Frameworks */,
				E18D8F6422C18F61003663D3 /* Resources */,
			);
			buildRules = (
			);
			dependencies = (
			);
			name = "Xcode Github Test";
			productName = "Xcode Github Test";
			productReference = E18D8F6622C18F61003663D3 /* Xcode Github Test.app */;
			productType = "com.apple.product-type.application";
		};
		E18D8F7C22C18F63003663D3 /* Xcode Github TestTests */ = {
			isa = PBXNativeTarget;
			buildConfigurationList = E18D8F9422C18F63003663D3 /* Build configuration list for PBXNativeTarget "Xcode Github TestTests" */;
			buildPhases = (
				E18D8F7922C18F63003663D3 /* Sources */,
				E18D8F7A22C18F63003663D3 /* Frameworks */,
				E18D8F7B22C18F63003663D3 /* Resources */,
			);
			buildRules = (
			);
			dependencies = (
				E18D8F7F22C18F63003663D3 /* PBXTargetDependency */,
			);
			name = "Xcode Github TestTests";
			productName = "Xcode Github TestTests";
			productReference = E18D8F7D22C18F63003663D3 /* Xcode Github TestTests.xctest */;
			productType = "com.apple.product-type.bundle.unit-test";
		};
		E18D8F8722C18F63003663D3 /* Xcode Github TestUITests */ = {
			isa = PBXNativeTarget;
			buildConfigurationList = E18D8F9722C18F63003663D3 /* Build configuration list for PBXNativeTarget "Xcode Github TestUITests" */;
			buildPhases = (
				E18D8F8422C18F63003663D3 /* Sources */,
				E18D8F8522C18F63003663D3 /* Frameworks */,
				E18D8F8622C18F63003663D3 /* Resources */,
			);
			buildRules = (
			);
			dependencies = (
				E18D8F8A22C18F63003663D3 /* PBXTargetDependency */,
			);
			name = "Xcode Github TestUITests";
			productName = "Xcode Github TestUITests";
			productReference = E18D8F8822C18F63003663D3 /* Xcode Github TestUITests.xctest */;
			productType = "com.apple.product-type.bundle.ui-testing";
		};
/* End PBXNativeTarget section */

/* Begin PBXProject section */
		E18D8F5E22C18F61003663D3 /* Project object */ = {
			isa = PBXProject;
			attributes = {
				LastSwiftUpdateCheck = 1020;
				LastUpgradeCheck = 1020;
				ORGANIZATIONNAME = "Amy Feng";
				TargetAttributes = {
					E18D8F6522C18F61003663D3 = {
						CreatedOnToolsVersion = 10.2.1;
					};
					E18D8F7C22C18F63003663D3 = {
						CreatedOnToolsVersion = 10.2.1;
						TestTargetID = E18D8F6522C18F61003663D3;
					};
					E18D8F8722C18F63003663D3 = {
						CreatedOnToolsVersion = 10.2.1;
						TestTargetID = E18D8F6522C18F61003663D3;
					};
				};
			};
			buildConfigurationList = E18D8F6122C18F61003663D3 /* Build configuration list for PBXProject "Xcode Github Test" */;
			compatibilityVersion = "Xcode 9.3";
			developmentRegion = en;
			hasScannedForEncodings = 0;
			knownRegions = (
				en,
				Base,
			);
			mainGroup = E18D8F5D22C18F61003663D3;
			productRefGroup = E18D8F6722C18F61003663D3 /* Products */;
			projectDirPath = "";
			projectRoot = "";
			targets = (
				E18D8F6522C18F61003663D3 /* Xcode Github Test */,
				E18D8F7C22C18F63003663D3 /* Xcode Github TestTests */,
				E18D8F8722C18F63003663D3 /* Xcode Github TestUITests */,
			);
		};
/* End PBXProject section */

/* Begin PBXResourcesBuildPhase section */
		E18D8F6422C18F61003663D3 /* Resources */ = {
			isa = PBXResourcesBuildPhase;
			buildActionMask = 2147483647;
			files = (
				E18D8F7722C18F63003663D3 /* LaunchScreen.storyboard in Resources */,
				E18D8F7422C18F63003663D3 /* Assets.xcassets in Resources */,
				E18D8F6F22C18F61003663D3 /* Main.storyboard in Resources */,
			);
			runOnlyForDeploymentPostprocessing = 0;
		};
		E18D8F7B22C18F63003663D3 /* Resources */ = {
			isa = PBXResourcesBuildPhase;
			buildActionMask = 2147483647;
			files = (
			);
			runOnlyForDeploymentPostprocessing = 0;
		};
		E18D8F8622C18F63003663D3 /* Resources */ = {
			isa = PBXResourcesBuildPhase;
			buildActionMask = 2147483647;
			files = (
			);
			runOnlyForDeploymentPostprocessing = 0;
		};
/* End PBXResourcesBuildPhase section */

/* Begin PBXSourcesBuildPhase section */
		E18D8F6222C18F61003663D3 /* Sources */ = {
			isa = PBXSourcesBuildPhase;
			buildActionMask = 2147483647;
			files = (
				E18D8F6C22C18F61003663D3 /* ViewController.swift in Sources */,
				E18D8F6A22C18F61003663D3 /* AppDelegate.swift in Sources */,
				E18D8F7222C18F61003663D3 /* Xcode_Github_Test.xcdatamodeld in Sources */,
			);
			runOnlyForDeploymentPostprocessing = 0;
		};
		E18D8F7922C18F63003663D3 /* Sources */ = {
			isa = PBXSourcesBuildPhase;
			buildActionMask = 2147483647;
			files = (
				E18D8F8222C18F63003663D3 /* Xcode_Github_TestTests.swift in Sources */,
			);
			runOnlyForDeploymentPostprocessing = 0;
		};
		E18D8F8422C18F63003663D3 /* Sources */ = {
			isa = PBXSourcesBuildPhase;
			buildActionMask = 2147483647;
			files = (
				E18D8F8D22C18F63003663D3 /* Xcode_Github_TestUITests.swift in Sources */,
			);
			runOnlyForDeploymentPostprocessing = 0;
		};
/* End PBXSourcesBuildPhase section */

/* Begin PBXTargetDependency section */
		E18D8F7F22C18F63003663D3 /* PBXTargetDependency */ = {
			isa = PBXTargetDependency;
			target = E18D8F6522C18F61003663D3 /* Xcode Github Test */;
			targetProxy = E18D8F7E22C18F63003663D3 /* PBXContainerItemProxy */;
		};
		E18D8F8A22C18F63003663D3 /* PBXTargetDependency */ = {
			isa = PBXTargetDependency;
			target = E18D8F6522C18F61003663D3 /* Xcode Github Test */;
			targetProxy = E18D8F8922C18F63003663D3 /* PBXContainerItemProxy */;
		};
/* End PBXTargetDependency section */

/* Begin PBXVariantGroup section */
		E18D8F6D22C18F61003663D3 /* Main.storyboard */ = {
			isa = PBXVariantGroup;
			children = (
				E18D8F6E22C18F61003663D3 /* Base */,
			);
			name = Main.storyboard;
			sourceTree = "<group>";
		};
		E18D8F7522C18F63003663D3 /* LaunchScreen.storyboard */ = {
			isa = PBXVariantGroup;
			children = (
				E18D8F7622C18F63003663D3 /* Base */,
			);
			name = LaunchScreen.storyboard;
			sourceTree = "<group>";
		};
/* End PBXVariantGroup section */

/* Begin XCBuildConfiguration section */
		E18D8F8F22C18F63003663D3 /* Debug */ = {
			isa = XCBuildConfiguration;
			buildSettings = {
				ALWAYS_SEARCH_USER_PATHS = NO;
				CLANG_ANALYZER_NONNULL = YES;
				CLANG_ANALYZER_NUMBER_OBJECT_CONVERSION = YES_AGGRESSIVE;
				CLANG_CXX_LANGUAGE_STANDARD = "gnu++14";
				CLANG_CXX_LIBRARY = "libc++";
				CLANG_ENABLE_MODULES = YES;
				CLANG_ENABLE_OBJC_ARC = YES;
				CLANG_ENABLE_OBJC_WEAK = YES;
				CLANG_WARN_BLOCK_CAPTURE_AUTORELEASING = YES;
				CLANG_WARN_BOOL_CONVERSION = YES;
				CLANG_WARN_COMMA = YES;
				CLANG_WARN_CONSTANT_CONVERSION = YES;
				CLANG_WARN_DEPRECATED_OBJC_IMPLEMENTATIONS = YES;
				CLANG_WARN_DIRECT_OBJC_ISA_USAGE = YES_ERROR;
				CLANG_WARN_DOCUMENTATION_COMMENTS = YES;
				CLANG_WARN_EMPTY_BODY = YES;
				CLANG_WARN_ENUM_CONVERSION = YES;
				CLANG_WARN_INFINITE_RECURSION = YES;
				CLANG_WARN_INT_CONVERSION = YES;
				CLANG_WARN_NON_LITERAL_NULL_CONVERSION = YES;
				CLANG_WARN_OBJC_IMPLICIT_RETAIN_SELF = YES;
				CLANG_WARN_OBJC_LITERAL_CONVERSION = YES;
				CLANG_WARN_OBJC_ROOT_CLASS = YES_ERROR;
				CLANG_WARN_RANGE_LOOP_ANALYSIS = YES;
				CLANG_WARN_STRICT_PROTOTYPES = YES;
				CLANG_WARN_SUSPICIOUS_MOVE = YES;
				CLANG_WARN_UNGUARDED_AVAILABILITY = YES_AGGRESSIVE;
				CLANG_WARN_UNREACHABLE_CODE = YES;
				CLANG_WARN__DUPLICATE_METHOD_MATCH = YES;
				CODE_SIGN_IDENTITY = "iPhone Developer";
				COPY_PHASE_STRIP = NO;
				DEBUG_INFORMATION_FORMAT = dwarf;
				ENABLE_STRICT_OBJC_MSGSEND = YES;
				ENABLE_TESTABILITY = YES;
				GCC_C_LANGUAGE_STANDARD = gnu11;
				GCC_DYNAMIC_NO_PIC = NO;
				GCC_NO_COMMON_BLOCKS = YES;
				GCC_OPTIMIZATION_LEVEL = 0;
				GCC_PREPROCESSOR_DEFINITIONS = (
					"DEBUG=1",
					"$(inherited)",
				);
				GCC_WARN_64_TO_32_BIT_CONVERSION = YES;
				GCC_WARN_ABOUT_RETURN_TYPE = YES_ERROR;
				GCC_WARN_UNDECLARED_SELECTOR = YES;
				GCC_WARN_UNINITIALIZED_AUTOS = YES_AGGRESSIVE;
				GCC_WARN_UNUSED_FUNCTION = YES;
				GCC_WARN_UNUSED_VARIABLE = YES;
				IPHONEOS_DEPLOYMENT_TARGET = 12.2;
				MTL_ENABLE_DEBUG_INFO = INCLUDE_SOURCE;
				MTL_FAST_MATH = YES;
				ONLY_ACTIVE_ARCH = YES;
				SDKROOT = iphoneos;
				SWIFT_ACTIVE_COMPILATION_CONDITIONS = DEBUG;
				SWIFT_OPTIMIZATION_LEVEL = "-Onone";
			};
			name = Debug;
		};
		E18D8F9022C18F63003663D3 /* Release */ = {
			isa = XCBuildConfiguration;
			buildSettings = {
				ALWAYS_SEARCH_USER_PATHS = NO;
				CLANG_ANALYZER_NONNULL = YES;
				CLANG_ANALYZER_NUMBER_OBJECT_CONVERSION = YES_AGGRESSIVE;
				CLANG_CXX_LANGUAGE_STANDARD = "gnu++14";
				CLANG_CXX_LIBRARY = "libc++";
				CLANG_ENABLE_MODULES = YES;
				CLANG_ENABLE_OBJC_ARC = YES;
				CLANG_ENABLE_OBJC_WEAK = YES;
				CLANG_WARN_BLOCK_CAPTURE_AUTORELEASING = YES;
				CLANG_WARN_BOOL_CONVERSION = YES;
				CLANG_WARN_COMMA = YES;
				CLANG_WARN_CONSTANT_CONVERSION = YES;
				CLANG_WARN_DEPRECATED_OBJC_IMPLEMENTATIONS = YES;
				CLANG_WARN_DIRECT_OBJC_ISA_USAGE = YES_ERROR;
				CLANG_WARN_DOCUMENTATION_COMMENTS = YES;
				CLANG_WARN_EMPTY_BODY = YES;
				CLANG_WARN_ENUM_CONVERSION = YES;
				CLANG_WARN_INFINITE_RECURSION = YES;
				CLANG_WARN_INT_CONVERSION = YES;
				CLANG_WARN_NON_LITERAL_NULL_CONVERSION = YES;
				CLANG_WARN_OBJC_IMPLICIT_RETAIN_SELF = YES;
				CLANG_WARN_OBJC_LITERAL_CONVERSION = YES;
				CLANG_WARN_OBJC_ROOT_CLASS = YES_ERROR;
				CLANG_WARN_RANGE_LOOP_ANALYSIS = YES;
				CLANG_WARN_STRICT_PROTOTYPES = YES;
				CLANG_WARN_SUSPICIOUS_MOVE = YES;
				CLANG_WARN_UNGUARDED_AVAILABILITY = YES_AGGRESSIVE;
				CLANG_WARN_UNREACHABLE_CODE = YES;
				CLANG_WARN__DUPLICATE_METHOD_MATCH = YES;
				CODE_SIGN_IDENTITY = "iPhone Developer";
				COPY_PHASE_STRIP = NO;
				DEBUG_INFORMATION_FORMAT = "dwarf-with-dsym";
				ENABLE_NS_ASSERTIONS = NO;
				ENABLE_STRICT_OBJC_MSGSEND = YES;
				GCC_C_LANGUAGE_STANDARD = gnu11;
				GCC_NO_COMMON_BLOCKS = YES;
				GCC_WARN_64_TO_32_BIT_CONVERSION = YES;
				GCC_WARN_ABOUT_RETURN_TYPE = YES_ERROR;
				GCC_WARN_UNDECLARED_SELECTOR = YES;
				GCC_WARN_UNINITIALIZED_AUTOS = YES_AGGRESSIVE;
				GCC_WARN_UNUSED_FUNCTION = YES;
				GCC_WARN_UNUSED_VARIABLE = YES;
				IPHONEOS_DEPLOYMENT_TARGET = 12.2;
				MTL_ENABLE_DEBUG_INFO = NO;
				MTL_FAST_MATH = YES;
				SDKROOT = iphoneos;
				SWIFT_COMPILATION_MODE = wholemodule;
				SWIFT_OPTIMIZATION_LEVEL = "-O";
				VALIDATE_PRODUCT = YES;
			};
			name = Release;
		};
		E18D8F9222C18F63003663D3 /* Debug */ = {
			isa = XCBuildConfiguration;
			buildSettings = {
				ASSETCATALOG_COMPILER_APPICON_NAME = AppIcon;
				CODE_SIGN_STYLE = Automatic;
				DEVELOPMENT_TEAM = N25S3QF6BG;
				INFOPLIST_FILE = "Xcode Github Test/Info.plist";
				LD_RUNPATH_SEARCH_PATHS = (
					"$(inherited)",
					"@executable_path/Frameworks",
				);
				PRODUCT_BUNDLE_IDENTIFIER = "com.amy.Xcode-Github-Test";
				PRODUCT_NAME = "$(TARGET_NAME)";
				SWIFT_VERSION = 5.0;
				TARGETED_DEVICE_FAMILY = "1,2";
			};
			name = Debug;
		};
		E18D8F9322C18F63003663D3 /* Release */ = {
			isa = XCBuildConfiguration;
			buildSettings = {
				ASSETCATALOG_COMPILER_APPICON_NAME = AppIcon;
				CODE_SIGN_STYLE = Automatic;
				DEVELOPMENT_TEAM = N25S3QF6BG;
				INFOPLIST_FILE = "Xcode Github Test/Info.plist";
				LD_RUNPATH_SEARCH_PATHS = (
					"$(inherited)",
					"@executable_path/Frameworks",
				);
				PRODUCT_BUNDLE_IDENTIFIER = "com.amy.Xcode-Github-Test";
				PRODUCT_NAME = "$(TARGET_NAME)";
				SWIFT_VERSION = 5.0;
				TARGETED_DEVICE_FAMILY = "1,2";
			};
			name = Release;
		};
		E18D8F9522C18F63003663D3 /* Debug */ = {
			isa = XCBuildConfiguration;
			buildSettings = {
				ALWAYS_EMBED_SWIFT_STANDARD_LIBRARIES = YES;
				BUNDLE_LOADER = "$(TEST_HOST)";
				CODE_SIGN_STYLE = Automatic;
				DEVELOPMENT_TEAM = N25S3QF6BG;
				INFOPLIST_FILE = "Xcode Github TestTests/Info.plist";
				LD_RUNPATH_SEARCH_PATHS = (
					"$(inherited)",
					"@executable_path/Frameworks",
					"@loader_path/Frameworks",
				);
				PRODUCT_BUNDLE_IDENTIFIER = "com.amy.Xcode-Github-TestTests";
				PRODUCT_NAME = "$(TARGET_NAME)";
				SWIFT_VERSION = 5.0;
				TARGETED_DEVICE_FAMILY = "1,2";
				TEST_HOST = "$(BUILT_PRODUCTS_DIR)/Xcode Github Test.app/Xcode Github Test";
			};
			name = Debug;
		};
		E18D8F9622C18F63003663D3 /* Release */ = {
			isa = XCBuildConfiguration;
			buildSettings = {
				ALWAYS_EMBED_SWIFT_STANDARD_LIBRARIES = YES;
				BUNDLE_LOADER = "$(TEST_HOST)";
				CODE_SIGN_STYLE = Automatic;
				DEVELOPMENT_TEAM = N25S3QF6BG;
				INFOPLIST_FILE = "Xcode Github TestTests/Info.plist";
				LD_RUNPATH_SEARCH_PATHS = (
					"$(inherited)",
					"@executable_path/Frameworks",
					"@loader_path/Frameworks",
				);
				PRODUCT_BUNDLE_IDENTIFIER = "com.amy.Xcode-Github-TestTests";
				PRODUCT_NAME = "$(TARGET_NAME)";
				SWIFT_VERSION = 5.0;
				TARGETED_DEVICE_FAMILY = "1,2";
				TEST_HOST = "$(BUILT_PRODUCTS_DIR)/Xcode Github Test.app/Xcode Github Test";
			};
			name = Release;
		};
		E18D8F9822C18F63003663D3 /* Debug */ = {
			isa = XCBuildConfiguration;
			buildSettings = {
				ALWAYS_EMBED_SWIFT_STANDARD_LIBRARIES = YES;
				CODE_SIGN_STYLE = Automatic;
				DEVELOPMENT_TEAM = N25S3QF6BG;
				INFOPLIST_FILE = "Xcode Github TestUITests/Info.plist";
				LD_RUNPATH_SEARCH_PATHS = (
					"$(inherited)",
					"@executable_path/Frameworks",
					"@loader_path/Frameworks",
				);
				PRODUCT_BUNDLE_IDENTIFIER = "com.amy.Xcode-Github-TestUITests";
				PRODUCT_NAME = "$(TARGET_NAME)";
				SWIFT_VERSION = 5.0;
				TARGETED_DEVICE_FAMILY = "1,2";
				TEST_TARGET_NAME = "Xcode Github Test";
			};
			name = Debug;
		};
		E18D8F9922C18F63003663D3 /* Release */ = {
			isa = XCBuildConfiguration;
			buildSettings = {
				ALWAYS_EMBED_SWIFT_STANDARD_LIBRARIES = YES;
				CODE_SIGN_STYLE = Automatic;
				DEVELOPMENT_TEAM = N25S3QF6BG;
				INFOPLIST_FILE = "Xcode Github TestUITests/Info.plist";
				LD_RUNPATH_SEARCH_PATHS = (
					"$(inherited)",
					"@executable_path/Frameworks",
					"@loader_path/Frameworks",
				);
				PRODUCT_BUNDLE_IDENTIFIER = "com.amy.Xcode-Github-TestUITests";
				PRODUCT_NAME = "$(TARGET_NAME)";
				SWIFT_VERSION = 5.0;
				TARGETED_DEVICE_FAMILY = "1,2";
				TEST_TARGET_NAME = "Xcode Github Test";
			};
			name = Release;
		};
/* End XCBuildConfiguration section */

/* Begin XCConfigurationList section */
		E18D8F6122C18F61003663D3 /* Build configuration list for PBXProject "Xcode Github Test" */ = {
			isa = XCConfigurationList;
			buildConfigurations = (
				E18D8F8F22C18F63003663D3 /* Debug */,
				E18D8F9022C18F63003663D3 /* Release */,
			);
			defaultConfigurationIsVisible = 0;
			defaultConfigurationName = Release;
		};
		E18D8F9122C18F63003663D3 /* Build configuration list for PBXNativeTarget "Xcode Github Test" */ = {
			isa = XCConfigurationList;
			buildConfigurations = (
				E18D8F9222C18F63003663D3 /* Debug */,
				E18D8F9322C18F63003663D3 /* Release */,
			);
			defaultConfigurationIsVisible = 0;
			defaultConfigurationName = Release;
		};
		E18D8F9422C18F63003663D3 /* Build configuration list for PBXNativeTarget "Xcode Github TestTests" */ = {
			isa = XCConfigurationList;
			buildConfigurations = (
				E18D8F9522C18F63003663D3 /* Debug */,
				E18D8F9622C18F63003663D3 /* Release */,
			);
			defaultConfigurationIsVisible = 0;
			defaultConfigurationName = Release;
		};
		E18D8F9722C18F63003663D3 /* Build configuration list for PBXNativeTarget "Xcode Github TestUITests" */ = {
			isa = XCConfigurationList;
			buildConfigurations = (
				E18D8F9822C18F63003663D3 /* Debug */,
				E18D8F9922C18F63003663D3 /* Release */,
			);
			defaultConfigurationIsVisible = 0;
			defaultConfigurationName = Release;
		};
/* End XCConfigurationList section */

/* Begin XCVersionGroup section */
		E18D8F7022C18F61003663D3 /* Xcode_Github_Test.xcdatamodeld */ = {
			isa = XCVersionGroup;
			children = (
				E18D8F7122C18F61003663D3 /* Xcode_Github_Test.xcdatamodel */,
			);
			currentVersion = E18D8F7122C18F61003663D3 /* Xcode_Github_Test.xcdatamodel */;
			path = Xcode_Github_Test.xcdatamodeld;
			sourceTree = "<group>";
			versionGroupType = wrapper.xcdatamodel;
		};
/* End XCVersionGroup section */
	};
	rootObject = E18D8F5E22C18F61003663D3 /* Project object */;
}
